// !$*UTF8*$!
{
	archiveVersion = 1;
	classes = {
	};
	objectVersion = 48;
	objects = {

/* Begin PBXBuildFile section */
		848F1E08200615E100FABF4C /* AppDelegate.swift in Sources */ = {isa = PBXBuildFile; fileRef = 848F1E07200615E100FABF4C /* AppDelegate.swift */; };
		848F1E0A200615E100FABF4C /* ViewController.swift in Sources */ = {isa = PBXBuildFile; fileRef = 848F1E09200615E100FABF4C /* ViewController.swift */; };
		848F1E0D200615E100FABF4C /* Main.storyboard in Resources */ = {isa = PBXBuildFile; fileRef = 848F1E0B200615E100FABF4C /* Main.storyboard */; };
		848F1E0F200615E100FABF4C /* Assets.xcassets in Resources */ = {isa = PBXBuildFile; fileRef = 848F1E0E200615E100FABF4C /* Assets.xcassets */; };
		848F1E12200615E100FABF4C /* LaunchScreen.storyboard in Resources */ = {isa = PBXBuildFile; fileRef = 848F1E10200615E100FABF4C /* LaunchScreen.storyboard */; };
		848F1E1A20061A6300FABF4C /* Profanity.json in Resources */ = {isa = PBXBuildFile; fileRef = 848F1E1920061A6300FABF4C /* Profanity.json */; };
/* End PBXBuildFile section */

/* Begin PBXFileReference section */
		848F1E04200615E100FABF4C /* ProfanWords.app */ = {isa = PBXFileReference; explicitFileType = wrapper.application; includeInIndex = 0; path = ProfanWords.app; sourceTree = BUILT_PRODUCTS_DIR; };
		848F1E07200615E100FABF4C /* AppDelegate.swift */ = {isa = PBXFileReference; lastKnownFileType = sourcecode.swift; path = AppDelegate.swift; sourceTree = "<group>"; };
		848F1E09200615E100FABF4C /* ViewController.swift */ = {isa = PBXFileReference; lastKnownFileType = sourcecode.swift; path = ViewController.swift; sourceTree = "<group>"; };
		848F1E0C200615E100FABF4C /* Base */ = {isa = PBXFileReference; lastKnownFileType = file.storyboard; name = Base; path = Base.lproj/Main.storyboard; sourceTree = "<group>"; };
		848F1E0E200615E100FABF4C /* Assets.xcassets */ = {isa = PBXFileReference; lastKnownFileType = folder.assetcatalog; path = Assets.xcassets; sourceTree = "<group>"; };
		848F1E11200615E100FABF4C /* Base */ = {isa = PBXFileReference; lastKnownFileType = file.storyboard; name = Base; path = Base.lproj/LaunchScreen.storyboard; sourceTree = "<group>"; };
		848F1E13200615E100FABF4C /* Info.plist */ = {isa = PBXFileReference; lastKnownFileType = text.plist.xml; path = Info.plist; sourceTree = "<group>"; };
		848F1E1920061A6300FABF4C /* Profanity.json */ = {isa = PBXFileReference; fileEncoding = 4; lastKnownFileType = text.json; path = Profanity.json; sourceTree = "<group>"; };
/* End PBXFileReference section */

/* Begin PBXFrameworksBuildPhase section */
		848F1E01200615E100FABF4C /* Frameworks */ = {
			isa = PBXFrameworksBuildPhase;
			buildActionMask = 2147483647;
			files = (
			);
			runOnlyForDeploymentPostprocessing = 0;
		};
/* End PBXFrameworksBuildPhase section */

/* Begin PBXGroup section */
		848F1DFB200615E100FABF4C = {
			isa = PBXGroup;
			children = (
				848F1E06200615E100FABF4C /* ProfanWords */,
				848F1E05200615E100FABF4C /* Products */,
			);
			sourceTree = "<group>";
		};
		848F1E05200615E100FABF4C /* Products */ = {
			isa = PBXGroup;
			children = (
				848F1E04200615E100FABF4C /* ProfanWords.app */,
			);
			name = Products;
			sourceTree = "<group>";
		};
		848F1E06200615E100FABF4C /* ProfanWords */ = {
			isa = PBXGroup;
			children = (
				848F1E1920061A6300FABF4C /* Profanity.json */,
				848F1E07200615E100FABF4C /* AppDelegate.swift */,
				848F1E09200615E100FABF4C /* ViewController.swift */,
				848F1E0B200615E100FABF4C /* Main.storyboard */,
				848F1E0E200615E100FABF4C /* Assets.xcassets */,
				848F1E10200615E100FABF4C /* LaunchScreen.storyboard */,
				848F1E13200615E100FABF4C /* Info.plist */,
			);
			path = ProfanWords;
			sourceTree = "<group>";
		};
/* End PBXGroup section */

/* Begin PBXNativeTarget section */
		848F1E03200615E100FABF4C /* ProfanWords */ = {
			isa = PBXNativeTarget;
			buildConfigurationList = 848F1E16200615E100FABF4C /* Build configuration list for PBXNativeTarget "ProfanWords" */;
			buildPhases = (
				848F1E00200615E100FABF4C /* Sources */,
				848F1E01200615E100FABF4C /* Frameworks */,
				848F1E02200615E100FABF4C /* Resources */,
			);
			buildRules = (
			);
			dependencies = (
			);
			name = ProfanWords;
			productName = ProfanWords;
			productReference = 848F1E04200615E100FABF4C /* ProfanWords.app */;
			productType = "com.apple.product-type.application";
		};
/* End PBXNativeTarget section */

/* Begin PBXProject section */
		848F1DFC200615E100FABF4C /* Project object */ = {
			isa = PBXProject;
			attributes = {
				LastSwiftUpdateCheck = 0910;
				LastUpgradeCheck = 0910;
				ORGANIZATIONNAME = Vishal;
				TargetAttributes = {
					848F1E03200615E100FABF4C = {
						CreatedOnToolsVersion = 9.1;
						ProvisioningStyle = Manual;
					};
				};
			};
			buildConfigurationList = 848F1DFF200615E100FABF4C /* Build configuration list for PBXProject "ProfanWords" */;
			compatibilityVersion = "Xcode 8.0";
			developmentRegion = en;
			hasScannedForEncodings = 0;
			knownRegions = (
				en,
				Base,
			);
			mainGroup = 848F1DFB200615E100FABF4C;
			productRefGroup = 848F1E05200615E100FABF4C /* Products */;
			projectDirPath = "";
			projectRoot = "";
			targets = (
				848F1E03200615E100FABF4C /* ProfanWords */,
			);
		};
/* End PBXProject section */

/* Begin PBXResourcesBuildPhase section */
		848F1E02200615E100FABF4C /* Resources */ = {
			isa = PBXResourcesBuildPhase;
			buildActionMask = 2147483647;
			files = (
				848F1E12200615E100FABF4C /* LaunchScreen.storyboard in Resources */,
				848F1E0F200615E100FABF4C /* Assets.xcassets in Resources */,
				848F1E1A20061A6300FABF4C /* Profanity.json in Resources */,
				848F1E0D200615E100FABF4C /* Main.storyboard in Resources */,
			);
			runOnlyForDeploymentPostprocessing = 0;
		};
/* End PBXResourcesBuildPhase section */

/* Begin PBXSourcesBuildPhase section */
		848F1E00200615E100FABF4C /* Sources */ = {
			isa = PBXSourcesBuildPhase;
			buildActionMask = 2147483647;
			files = (
				848F1E0A200615E100FABF4C /* ViewController.swift in Sources */,
				848F1E08200615E100FABF4C /* AppDelegate.swift in Sources */,
			);
			runOnlyForDeploymentPostprocessing = 0;
		};
/* End PBXSourcesBuildPhase section */

/* Begin PBXVariantGroup section */
		848F1E0B200615E100FABF4C /* Main.storyboard */ = {
			isa = PBXVariantGroup;
			children = (
				848F1E0C200615E100FABF4C /* Base */,
			);
			name = Main.storyboard;
			sourceTree = "<group>";
		};
		848F1E10200615E100FABF4C /* LaunchScreen.storyboard */ = {
			isa = PBXVariantGroup;
			children = (
				848F1E11200615E100FABF4C /* Base */,
			);
			name = LaunchScreen.storyboard;
			sourceTree = "<group>";
		};
/* End PBXVariantGroup section */

/* Begin XCBuildConfiguration section */
		848F1E14200615E100FABF4C /* Debug */ = {
			isa = XCBuildConfiguration;
			buildSettings = {
				ALWAYS_SEARCH_USER_PATHS = NO;
				CLANG_ANALYZER_NONNULL = YES;
				CLANG_ANALYZER_NUMBER_OBJECT_CONVERSION = YES_AGGRESSIVE;
				CLANG_CXX_LANGUAGE_STANDARD = "gnu++14";
				CLANG_CXX_LIBRARY = "libc++";
				CLANG_ENABLE_MODULES = YES;
				CLANG_ENABLE_OBJC_ARC = YES;
				CLANG_WARN_BLOCK_CAPTURE_AUTORELEASING = YES;
				CLANG_WARN_BOOL_CONVERSION = YES;
				CLANG_WARN_COMMA = YES;
				CLANG_WARN_CONSTANT_CONVERSION = YES;
				CLANG_WARN_DIRECT_OBJC_ISA_USAGE = YES_ERROR;
				CLANG_WARN_DOCUMENTATION_COMMENTS = YES;
				CLANG_WARN_EMPTY_BODY = YES;
				CLANG_WARN_ENUM_CONVERSION = YES;
				CLANG_WARN_INFINITE_RECURSION = YES;
				CLANG_WARN_INT_CONVERSION = YES;
				CLANG_WARN_NON_LITERAL_NULL_CONVERSION = YES;
				CLANG_WARN_OBJC_LITERAL_CONVERSION = YES;
				CLANG_WARN_OBJC_ROOT_CLASS = YES_ERROR;
				CLANG_WARN_RANGE_LOOP_ANALYSIS = YES;
				CLANG_WARN_STRICT_PROTOTYPES = YES;
				CLANG_WARN_SUSPICIOUS_MOVE = YES;
				CLANG_WARN_UNGUARDED_AVAILABILITY = YES_AGGRESSIVE;
				CLANG_WARN_UNREACHABLE_CODE = YES;
				CLANG_WARN__DUPLICATE_METHOD_MATCH = YES;
				CODE_SIGN_IDENTITY = "iPhone Developer";
				COPY_PHASE_STRIP = NO;
				DEBUG_INFORMATION_FORMAT = dwarf;
				ENABLE_STRICT_OBJC_MSGSEND = YES;
				ENABLE_TESTABILITY = YES;
				GCC_C_LANGUAGE_STANDARD = gnu11;
				GCC_DYNAMIC_NO_PIC = NO;
				GCC_NO_COMMON_BLOCKS = YES;
				GCC_OPTIMIZATION_LEVEL = 0;
				GCC_PREPROCESSOR_DEFINITIONS = (
					"DEBUG=1",
					"$(inherited)",
				);
				GCC_WARN_64_TO_32_BIT_CONVERSION = YES;
				GCC_WARN_ABOUT_RETURN_TYPE = YES_ERROR;
				GCC_WARN_UNDECLARED_SELECTOR = YES;
				GCC_WARN_UNINITIALIZED_AUTOS = YES_AGGRESSIVE;
				GCC_WARN_UNUSED_FUNCTION = YES;
				GCC_WARN_UNUSED_VARIABLE = YES;
				IPHONEOS_DEPLOYMENT_TARGET = 11.1;
				MTL_ENABLE_DEBUG_INFO = YES;
				ONLY_ACTIVE_ARCH = YES;
				SDKROOT = iphoneos;
				SWIFT_ACTIVE_COMPILATION_CONDITIONS = DEBUG;
				SWIFT_OPTIMIZATION_LEVEL = "-Onone";
			};
			name = Debug;
		};
		848F1E15200615E100FABF4C /* Release */ = {
			isa = XCBuildConfiguration;
			buildSettings = {
				ALWAYS_SEARCH_USER_PATHS = NO;
				CLANG_ANALYZER_NONNULL = YES;
				CLANG_ANALYZER_NUMBER_OBJECT_CONVERSION = YES_AGGRESSIVE;
				CLANG_CXX_LANGUAGE_STANDARD = "gnu++14";
				CLANG_CXX_LIBRARY = "libc++";
				CLANG_ENABLE_MODULES = YES;
				CLANG_ENABLE_OBJC_ARC = YES;
				CLANG_WARN_BLOCK_CAPTURE_AUTORELEASING = YES;
				CLANG_WARN_BOOL_CONVERSION = YES;
				CLANG_WARN_COMMA = YES;
				CLANG_WARN_CONSTANT_CONVERSION = YES;
				CLANG_WARN_DIRECT_OBJC_ISA_USAGE = YES_ERROR;
				CLANG_WARN_DOCUMENTATION_COMMENTS = YES;
				CLANG_WARN_EMPTY_BODY = YES;
				CLANG_WARN_ENUM_CONVERSION = YES;
				CLANG_WARN_INFINITE_RECURSION = YES;
				CLANG_WARN_INT_CONVERSION = YES;
				CLANG_WARN_NON_LITERAL_NULL_CONVERSION = YES;
				CLANG_WARN_OBJC_LITERAL_CONVERSION = YES;
				CLANG_WARN_OBJC_ROOT_CLASS = YES_ERROR;
				CLANG_WARN_RANGE_LOOP_ANALYSIS = YES;
				CLANG_WARN_STRICT_PROTOTYPES = YES;
				CLANG_WARN_SUSPICIOUS_MOVE = YES;
				CLANG_WARN_UNGUARDED_AVAILABILITY = YES_AGGRESSIVE;
				CLANG_WARN_UNREACHABLE_CODE = YES;
				CLANG_WARN__DUPLICATE_METHOD_MATCH = YES;
				CODE_SIGN_IDENTITY = "iPhone Developer";
				COPY_PHASE_STRIP = NO;
				DEBUG_INFORMATION_FORMAT = "dwarf-with-dsym";
				ENABLE_NS_ASSERTIONS = NO;
				ENABLE_STRICT_OBJC_MSGSEND = YES;
				GCC_C_LANGUAGE_STANDARD = gnu11;
				GCC_NO_COMMON_BLOCKS = YES;
				GCC_WARN_64_TO_32_BIT_CONVERSION = YES;
				GCC_WARN_ABOUT_RETURN_TYPE = YES_ERROR;
				GCC_WARN_UNDECLARED_SELECTOR = YES;
				GCC_WARN_UNINITIALIZED_AUTOS = YES_AGGRESSIVE;
				GCC_WARN_UNUSED_FUNCTION = YES;
				GCC_WARN_UNUSED_VARIABLE = YES;
				IPHONEOS_DEPLOYMENT_TARGET = 11.1;
				MTL_ENABLE_DEBUG_INFO = NO;
				SDKROOT = iphoneos;
				SWIFT_OPTIMIZATION_LEVEL = "-Owholemodule";
				VALIDATE_PRODUCT = YES;
			};
			name = Release;
		};
		848F1E17200615E100FABF4C /* Debug */ = {
			isa = XCBuildConfiguration;
			buildSettings = {
				ASSETCATALOG_COMPILER_APPICON_NAME = AppIcon;
				CODE_SIGN_STYLE = Manual;
				DEVELOPMENT_TEAM = "";
				INFOPLIST_FILE = ProfanWords/Info.plist;
				LD_RUNPATH_SEARCH_PATHS = "$(inherited) @executable_path/Frameworks";
				PRODUCT_BUNDLE_IDENTIFIER = com.ProfanWords;
				PRODUCT_NAME = "$(TARGET_NAME)";
				PROVISIONING_PROFILE_SPECIFIER = "";
				SWIFT_VERSION = 4.0;
				TARGETED_DEVICE_FAMILY = "1,2";
			};
			name = Debug;
		};
		848F1E18200615E100FABF4C /* Release */ = {
			isa = XCBuildConfiguration;
			buildSettings = {
				ASSETCATALOG_COMPILER_APPICON_NAME = AppIcon;
				CODE_SIGN_STYLE = Manual;
				DEVELOPMENT_TEAM = "";
				INFOPLIST_FILE = ProfanWords/Info.plist;
				LD_RUNPATH_SEARCH_PATHS = "$(inherited) @executable_path/Frameworks";
				PRODUCT_BUNDLE_IDENTIFIER = com.ProfanWords;
				PRODUCT_NAME = "$(TARGET_NAME)";
				PROVISIONING_PROFILE_SPECIFIER = "";
				SWIFT_VERSION = 4.0;
				TARGETED_DEVICE_FAMILY = "1,2";
			};
			name = Release;
		};
/* End XCBuildConfiguration section */

/* Begin XCConfigurationList section */
		848F1DFF200615E100FABF4C /* Build configuration list for PBXProject "ProfanWords" */ = {
			isa = XCConfigurationList;
			buildConfigurations = (
				848F1E14200615E100FABF4C /* Debug */,
				848F1E15200615E100FABF4C /* Release */,
			);
			defaultConfigurationIsVisible = 0;
			defaultConfigurationName = Release;
		};
		848F1E16200615E100FABF4C /* Build configuration list for PBXNativeTarget "ProfanWords" */ = {
			isa = XCConfigurationList;
			buildConfigurations = (
				848F1E17200615E100FABF4C /* Debug */,
				848F1E18200615E100FABF4C /* Release */,
			);
			defaultConfigurationIsVisible = 0;
			defaultConfigurationName = Release;
		};
/* End XCConfigurationList section */
	};
	rootObject = 848F1DFC200615E100FABF4C /* Project object */;
}
